Microsoft Visual Studio Solution File, Format Version 11.00
# Visual Studio 2010
Project("{FAE04EC0-301F-11D3-BF4B-00C04F79EFBC}") = "XFloor", "Assembly-CSharp-Editor.csproj", "{20EF381E-C98F-FE29-2260-0194D234A3DF}"
EndProject
Project("{FAE04EC0-301F-11D3-BF4B-00C04F79EFBC}") = "XFloor", "Assembly-CSharp.csproj", "{1EDD6ED0-BD0B-D145-988F-6D72C291EC4A}"
EndProject
Global
	GlobalSection(SolutionConfigurationPlatforms) = preSolution
		Debug|Any CPU = Debug|Any CPU
		Release|Any CPU = Release|Any CPU
	EndGlobalSection
	GlobalSection(ProjectConfigurationPlatforms) = postSolution
		{20EF381E-C98F-FE29-2260-0194D234A3DF}.Debug|Any CPU.ActiveCfg = Debug|Any CPU
		{20EF381E-C98F-FE29-2260-0194D234A3DF}.Debug|Any CPU.Build.0 = Debug|Any CPU
		{20EF381E-C98F-FE29-2260-0194D234A3DF}.Release|Any CPU.ActiveCfg = Release|Any CPU
		{20EF381E-C98F-FE29-2260-0194D234A3DF}.Release|Any CPU.Build.0 = Release|Any CPU
		{1EDD6ED0-BD0B-D145-988F-6D72C291EC4A}.Debug|Any CPU.ActiveCfg = Debug|Any CPU
		{1EDD6ED0-BD0B-D145-988F-6D72C291EC4A}.Debug|Any CPU.Build.0 = Debug|Any CPU
		{1EDD6ED0-BD0B-D145-988F-6D72C291EC4A}.Release|Any CPU.ActiveCfg = Release|Any CPU
		{1EDD6ED0-BD0B-D145-988F-6D72C291EC4A}.Release|Any CPU.Build.0 = Release|Any CPU
	EndGlobalSection
	GlobalSection(MonoDevelopProperties) = preSolution
		StartupItem = Assembly-CSharp.csproj
	EndGlobalSection
EndGlobal
